
Microsoft Visual Studio Solution File, Format Version 12.00
# Visual Studio Version 16
VisualStudioVersion = 16.0.31025.194
MinimumVisualStudioVersion = 10.0.40219.1
Project("{FAE04EC0-301F-11D3-BF4B-00C04F79EFBC}") = "Client", "Client.csproj", "{58BA5716-ABFD-43C7-AE16-01E9C9EBA324}"
EndProject
Project("{FAE04EC0-301F-11D3-BF4B-00C04F79EFBC}") = "Server", "..\Server\Server.csproj", "{3EF59DEA-1432-4541-85E4-4765F3CEC2AF}"
EndProject
Global
	GlobalSection(SolutionConfigurationPlatforms) = preSolution
		Debug|Any CPU = Debug|Any CPU
		Release|Any CPU = Release|Any CPU
	EndGlobalSection
	GlobalSection(ProjectConfigurationPlatforms) = postSolution
		{58BA5716-ABFD-43C7-AE16-01E9C9EBA324}.Debug|Any CPU.ActiveCfg = Debug|Any CPU
		{58BA5716-ABFD-43C7-AE16-01E9C9EBA324}.Debug|Any CPU.Build.0 = Debug|Any CPU
		{58BA5716-ABFD-43C7-AE16-01E9C9EBA324}.Release|Any CPU.ActiveCfg = Release|Any CPU
		{58BA5716-ABFD-43C7-AE16-01E9C9EBA324}.Release|Any CPU.Build.0 = Release|Any CPU
		{3EF59DEA-1432-4541-85E4-4765F3CEC2AF}.Debug|Any CPU.ActiveCfg = Debug|Any CPU
		{3EF59DEA-1432-4541-85E4-4765F3CEC2AF}.Debug|Any CPU.Build.0 = Debug|Any CPU
		{3EF59DEA-1432-4541-85E4-4765F3CEC2AF}.Release|Any CPU.ActiveCfg = Release|Any CPU
		{3EF59DEA-1432-4541-85E4-4765F3CEC2AF}.Release|Any CPU.Build.0 = Release|Any CPU
	EndGlobalSection
	GlobalSection(SolutionProperties) = preSolution
		HideSolutionNode = FALSE
	EndGlobalSection
	GlobalSection(ExtensibilityGlobals) = postSolution
		SolutionGuid = {5BAD1905-C615-46A8-9D3A-BBF01125D665}
	EndGlobalSection
EndGlobal
